// !$*UTF8*$!
{
	archiveVersion = 1;
	classes = {
	};
	objectVersion = 50;
	objects = {

/* Begin PBXBuildFile section */
		608F2F712593448500636536 /* AppDelegate.swift in Sources */ = {isa = PBXBuildFile; fileRef = 608F2F702593448500636536 /* AppDelegate.swift */; };
		608F2F732593448500636536 /* SceneDelegate.swift in Sources */ = {isa = PBXBuildFile; fileRef = 608F2F722593448500636536 /* SceneDelegate.swift */; };
		608F2F752593448500636536 /* ViewController.swift in Sources */ = {isa = PBXBuildFile; fileRef = 608F2F742593448500636536 /* ViewController.swift */; };
		608F2F782593448500636536 /* Main.storyboard in Resources */ = {isa = PBXBuildFile; fileRef = 608F2F762593448500636536 /* Main.storyboard */; };
		608F2F7A2593448600636536 /* Assets.xcassets in Resources */ = {isa = PBXBuildFile; fileRef = 608F2F792593448600636536 /* Assets.xcassets */; };
		608F2F7D2593448600636536 /* LaunchScreen.storyboard in Resources */ = {isa = PBXBuildFile; fileRef = 608F2F7B2593448600636536 /* LaunchScreen.storyboard */; };
		608F2F882593448600636536 /* UnitTestDemoinSwiftTests.swift in Sources */ = {isa = PBXBuildFile; fileRef = 608F2F872593448600636536 /* UnitTestDemoinSwiftTests.swift */; };
		608F2F932593448600636536 /* UnitTestDemoinSwiftUITests.swift in Sources */ = {isa = PBXBuildFile; fileRef = 608F2F922593448600636536 /* UnitTestDemoinSwiftUITests.swift */; };
		608F2FA42593451A00636536 /* Pockeman.swift in Sources */ = {isa = PBXBuildFile; fileRef = 608F2FA32593451A00636536 /* Pockeman.swift */; };
/* End PBXBuildFile section */

/* Begin PBXContainerItemProxy section */
		608F2F842593448600636536 /* PBXContainerItemProxy */ = {
			isa = PBXContainerItemProxy;
			containerPortal = 608F2F652593448500636536 /* Project object */;
			proxyType = 1;
			remoteGlobalIDString = 608F2F6C2593448500636536;
			remoteInfo = UnitTestDemoinSwift;
		};
		608F2F8F2593448600636536 /* PBXContainerItemProxy */ = {
			isa = PBXContainerItemProxy;
			containerPortal = 608F2F652593448500636536 /* Project object */;
			proxyType = 1;
			remoteGlobalIDString = 608F2F6C2593448500636536;
			remoteInfo = UnitTestDemoinSwift;
		};
/* End PBXContainerItemProxy section */

/* Begin PBXFileReference section */
		608F2F6D2593448500636536 /* UnitTestDemoinSwift.app */ = {isa = PBXFileReference; explicitFileType = wrapper.application; includeInIndex = 0; path = UnitTestDemoinSwift.app; sourceTree = BUILT_PRODUCTS_DIR; };
		608F2F702593448500636536 /* AppDelegate.swift */ = {isa = PBXFileReference; lastKnownFileType = sourcecode.swift; path = AppDelegate.swift; sourceTree = "<group>"; };
		608F2F722593448500636536 /* SceneDelegate.swift */ = {isa = PBXFileReference; lastKnownFileType = sourcecode.swift; path = SceneDelegate.swift; sourceTree = "<group>"; };
		608F2F742593448500636536 /* ViewController.swift */ = {isa = PBXFileReference; lastKnownFileType = sourcecode.swift; path = ViewController.swift; sourceTree = "<group>"; };
		608F2F772593448500636536 /* Base */ = {isa = PBXFileReference; lastKnownFileType = file.storyboard; name = Base; path = Base.lproj/Main.storyboard; sourceTree = "<group>"; };
		608F2F792593448600636536 /* Assets.xcassets */ = {isa = PBXFileReference; lastKnownFileType = folder.assetcatalog; path = Assets.xcassets; sourceTree = "<group>"; };
		608F2F7C2593448600636536 /* Base */ = {isa = PBXFileReference; lastKnownFileType = file.storyboard; name = Base; path = Base.lproj/LaunchScreen.storyboard; sourceTree = "<group>"; };
		608F2F7E2593448600636536 /* Info.plist */ = {isa = PBXFileReference; lastKnownFileType = text.plist.xml; path = Info.plist; sourceTree = "<group>"; };
		608F2F832593448600636536 /* UnitTestDemoinSwiftTests.xctest */ = {isa = PBXFileReference; explicitFileType = wrapper.cfbundle; includeInIndex = 0; path = UnitTestDemoinSwiftTests.xctest; sourceTree = BUILT_PRODUCTS_DIR; };
		608F2F872593448600636536 /* UnitTestDemoinSwiftTests.swift */ = {isa = PBXFileReference; lastKnownFileType = sourcecode.swift; path = UnitTestDemoinSwiftTests.swift; sourceTree = "<group>"; };
		608F2F892593448600636536 /* Info.plist */ = {isa = PBXFileReference; lastKnownFileType = text.plist.xml; path = Info.plist; sourceTree = "<group>"; };
		608F2F8E2593448600636536 /* UnitTestDemoinSwiftUITests.xctest */ = {isa = PBXFileReference; explicitFileType = wrapper.cfbundle; includeInIndex = 0; path = UnitTestDemoinSwiftUITests.xctest; sourceTree = BUILT_PRODUCTS_DIR; };
		608F2F922593448600636536 /* UnitTestDemoinSwiftUITests.swift */ = {isa = PBXFileReference; lastKnownFileType = sourcecode.swift; path = UnitTestDemoinSwiftUITests.swift; sourceTree = "<group>"; };
		608F2F942593448600636536 /* Info.plist */ = {isa = PBXFileReference; lastKnownFileType = text.plist.xml; path = Info.plist; sourceTree = "<group>"; };
		608F2FA32593451A00636536 /* Pockeman.swift */ = {isa = PBXFileReference; lastKnownFileType = sourcecode.swift; path = Pockeman.swift; sourceTree = "<group>"; };
/* End PBXFileReference section */

/* Begin PBXFrameworksBuildPhase section */
		608F2F6A2593448500636536 /* Frameworks */ = {
			isa = PBXFrameworksBuildPhase;
			buildActionMask = 2147483647;
			files = (
			);
			runOnlyForDeploymentPostprocessing = 0;
		};
		608F2F802593448600636536 /* Frameworks */ = {
			isa = PBXFrameworksBuildPhase;
			buildActionMask = 2147483647;
			files = (
			);
			runOnlyForDeploymentPostprocessing = 0;
		};
		608F2F8B2593448600636536 /* Frameworks */ = {
			isa = PBXFrameworksBuildPhase;
			buildActionMask = 2147483647;
			files = (
			);
			runOnlyForDeploymentPostprocessing = 0;
		};
/* End PBXFrameworksBuildPhase section */

/* Begin PBXGroup section */
		608F2F642593448500636536 = {
			isa = PBXGroup;
			children = (
				608F2F6F2593448500636536 /* UnitTestDemoinSwift */,
				608F2F862593448600636536 /* UnitTestDemoinSwiftTests */,
				608F2F912593448600636536 /* UnitTestDemoinSwiftUITests */,
				608F2F6E2593448500636536 /* Products */,
			);
			sourceTree = "<group>";
		};
		608F2F6E2593448500636536 /* Products */ = {
			isa = PBXGroup;
			children = (
				608F2F6D2593448500636536 /* UnitTestDemoinSwift.app */,
				608F2F832593448600636536 /* UnitTestDemoinSwiftTests.xctest */,
				608F2F8E2593448600636536 /* UnitTestDemoinSwiftUITests.xctest */,
			);
			name = Products;
			sourceTree = "<group>";
		};
		608F2F6F2593448500636536 /* UnitTestDemoinSwift */ = {
			isa = PBXGroup;
			children = (
				608F2F702593448500636536 /* AppDelegate.swift */,
				608F2F722593448500636536 /* SceneDelegate.swift */,
				608F2F742593448500636536 /* ViewController.swift */,
				608F2FA32593451A00636536 /* Pockeman.swift */,
				608F2F762593448500636536 /* Main.storyboard */,
				608F2F792593448600636536 /* Assets.xcassets */,
				608F2F7B2593448600636536 /* LaunchScreen.storyboard */,
				608F2F7E2593448600636536 /* Info.plist */,
			);
			path = UnitTestDemoinSwift;
			sourceTree = "<group>";
		};
		608F2F862593448600636536 /* UnitTestDemoinSwiftTests */ = {
			isa = PBXGroup;
			children = (
				608F2F872593448600636536 /* UnitTestDemoinSwiftTests.swift */,
				608F2F892593448600636536 /* Info.plist */,
			);
			path = UnitTestDemoinSwiftTests;
			sourceTree = "<group>";
		};
		608F2F912593448600636536 /* UnitTestDemoinSwiftUITests */ = {
			isa = PBXGroup;
			children = (
				608F2F922593448600636536 /* UnitTestDemoinSwiftUITests.swift */,
				608F2F942593448600636536 /* Info.plist */,
			);
			path = UnitTestDemoinSwiftUITests;
			sourceTree = "<group>";
		};
/* End PBXGroup section */

/* Begin PBXNativeTarget section */
		608F2F6C2593448500636536 /* UnitTestDemoinSwift */ = {
			isa = PBXNativeTarget;
			buildConfigurationList = 608F2F972593448600636536 /* Build configuration list for PBXNativeTarget "UnitTestDemoinSwift" */;
			buildPhases = (
				608F2F692593448500636536 /* Sources */,
				608F2F6A2593448500636536 /* Frameworks */,
				608F2F6B2593448500636536 /* Resources */,
			);
			buildRules = (
			);
			dependencies = (
			);
			name = UnitTestDemoinSwift;
			productName = UnitTestDemoinSwift;
			productReference = 608F2F6D2593448500636536 /* UnitTestDemoinSwift.app */;
			productType = "com.apple.product-type.application";
		};
		608F2F822593448600636536 /* UnitTestDemoinSwiftTests */ = {
			isa = PBXNativeTarget;
			buildConfigurationList = 608F2F9A2593448600636536 /* Build configuration list for PBXNativeTarget "UnitTestDemoinSwiftTests" */;
			buildPhases = (
				608F2F7F2593448600636536 /* Sources */,
				608F2F802593448600636536 /* Frameworks */,
				608F2F812593448600636536 /* Resources */,
			);
			buildRules = (
			);
			dependencies = (
				608F2F852593448600636536 /* PBXTargetDependency */,
			);
			name = UnitTestDemoinSwiftTests;
			productName = UnitTestDemoinSwiftTests;
			productReference = 608F2F832593448600636536 /* UnitTestDemoinSwiftTests.xctest */;
			productType = "com.apple.product-type.bundle.unit-test";
		};
		608F2F8D2593448600636536 /* UnitTestDemoinSwiftUITests */ = {
			isa = PBXNativeTarget;
			buildConfigurationList = 608F2F9D2593448600636536 /* Build configuration list for PBXNativeTarget "UnitTestDemoinSwiftUITests" */;
			buildPhases = (
				608F2F8A2593448600636536 /* Sources */,
				608F2F8B2593448600636536 /* Frameworks */,
				608F2F8C2593448600636536 /* Resources */,
			);
			buildRules = (
			);
			dependencies = (
				608F2F902593448600636536 /* PBXTargetDependency */,
			);
			name = UnitTestDemoinSwiftUITests;
			productName = UnitTestDemoinSwiftUITests;
			productReference = 608F2F8E2593448600636536 /* UnitTestDemoinSwiftUITests.xctest */;
			productType = "com.apple.product-type.bundle.ui-testing";
		};
/* End PBXNativeTarget section */

/* Begin PBXProject section */
		608F2F652593448500636536 /* Project object */ = {
			isa = PBXProject;
			attributes = {
				LastSwiftUpdateCheck = 1210;
				LastUpgradeCheck = 1210;
				TargetAttributes = {
					608F2F6C2593448500636536 = {
						CreatedOnToolsVersion = 12.1;
					};
					608F2F822593448600636536 = {
						CreatedOnToolsVersion = 12.1;
						TestTargetID = 608F2F6C2593448500636536;
					};
					608F2F8D2593448600636536 = {
						CreatedOnToolsVersion = 12.1;
						TestTargetID = 608F2F6C2593448500636536;
					};
				};
			};
			buildConfigurationList = 608F2F682593448500636536 /* Build configuration list for PBXProject "UnitTestDemoinSwift" */;
			compatibilityVersion = "Xcode 9.3";
			developmentRegion = en;
			hasScannedForEncodings = 0;
			knownRegions = (
				en,
				Base,
			);
			mainGroup = 608F2F642593448500636536;
			productRefGroup = 608F2F6E2593448500636536 /* Products */;
			projectDirPath = "";
			projectRoot = "";
			targets = (
				608F2F6C2593448500636536 /* UnitTestDemoinSwift */,
				608F2F822593448600636536 /* UnitTestDemoinSwiftTests */,
				608F2F8D2593448600636536 /* UnitTestDemoinSwiftUITests */,
			);
		};
/* End PBXProject section */

/* Begin PBXResourcesBuildPhase section */
		608F2F6B2593448500636536 /* Resources */ = {
			isa = PBXResourcesBuildPhase;
			buildActionMask = 2147483647;
			files = (
				608F2F7D2593448600636536 /* LaunchScreen.storyboard in Resources */,
				608F2F7A2593448600636536 /* Assets.xcassets in Resources */,
				608F2F782593448500636536 /* Main.storyboard in Resources */,
			);
			runOnlyForDeploymentPostprocessing = 0;
		};
		608F2F812593448600636536 /* Resources */ = {
			isa = PBXResourcesBuildPhase;
			buildActionMask = 2147483647;
			files = (
			);
			runOnlyForDeploymentPostprocessing = 0;
		};
		608F2F8C2593448600636536 /* Resources */ = {
			isa = PBXResourcesBuildPhase;
			buildActionMask = 2147483647;
			files = (
			);
			runOnlyForDeploymentPostprocessing = 0;
		};
/* End PBXResourcesBuildPhase section */

/* Begin PBXSourcesBuildPhase section */
		608F2F692593448500636536 /* Sources */ = {
			isa = PBXSourcesBuildPhase;
			buildActionMask = 2147483647;
			files = (
				608F2F752593448500636536 /* ViewController.swift in Sources */,
				608F2F712593448500636536 /* AppDelegate.swift in Sources */,
				608F2F732593448500636536 /* SceneDelegate.swift in Sources */,
				608F2FA42593451A00636536 /* Pockeman.swift in Sources */,
			);
			runOnlyForDeploymentPostprocessing = 0;
		};
		608F2F7F2593448600636536 /* Sources */ = {
			isa = PBXSourcesBuildPhase;
			buildActionMask = 2147483647;
			files = (
				608F2F882593448600636536 /* UnitTestDemoinSwiftTests.swift in Sources */,
			);
			runOnlyForDeploymentPostprocessing = 0;
		};
		608F2F8A2593448600636536 /* Sources */ = {
			isa = PBXSourcesBuildPhase;
			buildActionMask = 2147483647;
			files = (
				608F2F932593448600636536 /* UnitTestDemoinSwiftUITests.swift in Sources */,
			);
			runOnlyForDeploymentPostprocessing = 0;
		};
/* End PBXSourcesBuildPhase section */

/* Begin PBXTargetDependency section */
		608F2F852593448600636536 /* PBXTargetDependency */ = {
			isa = PBXTargetDependency;
			target = 608F2F6C2593448500636536 /* UnitTestDemoinSwift */;
			targetProxy = 608F2F842593448600636536 /* PBXContainerItemProxy */;
		};
		608F2F902593448600636536 /* PBXTargetDependency */ = {
			isa = PBXTargetDependency;
			target = 608F2F6C2593448500636536 /* UnitTestDemoinSwift */;
			targetProxy = 608F2F8F2593448600636536 /* PBXContainerItemProxy */;
		};
/* End PBXTargetDependency section */

/* Begin PBXVariantGroup section */
		608F2F762593448500636536 /* Main.storyboard */ = {
			isa = PBXVariantGroup;
			children = (
				608F2F772593448500636536 /* Base */,
			);
			name = Main.storyboard;
			sourceTree = "<group>";
		};
		608F2F7B2593448600636536 /* LaunchScreen.storyboard */ = {
			isa = PBXVariantGroup;
			children = (
				608F2F7C2593448600636536 /* Base */,
			);
			name = LaunchScreen.storyboard;
			sourceTree = "<group>";
		};
/* End PBXVariantGroup section */

/* Begin XCBuildConfiguration section */
		608F2F952593448600636536 /* Debug */ = {
			isa = XCBuildConfiguration;
			buildSettings = {
				ALWAYS_SEARCH_USER_PATHS = NO;
				CLANG_ANALYZER_NONNULL = YES;
				CLANG_ANALYZER_NUMBER_OBJECT_CONVERSION = YES_AGGRESSIVE;
				CLANG_CXX_LANGUAGE_STANDARD = "gnu++14";
				CLANG_CXX_LIBRARY = "libc++";
				CLANG_ENABLE_MODULES = YES;
				CLANG_ENABLE_OBJC_ARC = YES;
				CLANG_ENABLE_OBJC_WEAK = YES;
				CLANG_WARN_BLOCK_CAPTURE_AUTORELEASING = YES;
				CLANG_WARN_BOOL_CONVERSION = YES;
				CLANG_WARN_COMMA = YES;
				CLANG_WARN_CONSTANT_CONVERSION = YES;
				CLANG_WARN_DEPRECATED_OBJC_IMPLEMENTATIONS = YES;
				CLANG_WARN_DIRECT_OBJC_ISA_USAGE = YES_ERROR;
				CLANG_WARN_DOCUMENTATION_COMMENTS = YES;
				CLANG_WARN_EMPTY_BODY = YES;
				CLANG_WARN_ENUM_CONVERSION = YES;
				CLANG_WARN_INFINITE_RECURSION = YES;
				CLANG_WARN_INT_CONVERSION = YES;
				CLANG_WARN_NON_LITERAL_NULL_CONVERSION = YES;
				CLANG_WARN_OBJC_IMPLICIT_RETAIN_SELF = YES;
				CLANG_WARN_OBJC_LITERAL_CONVERSION = YES;
				CLANG_WARN_OBJC_ROOT_CLASS = YES_ERROR;
				CLANG_WARN_QUOTED_INCLUDE_IN_FRAMEWORK_HEADER = YES;
				CLANG_WARN_RANGE_LOOP_ANALYSIS = YES;
				CLANG_WARN_STRICT_PROTOTYPES = YES;
				CLANG_WARN_SUSPICIOUS_MOVE = YES;
				CLANG_WARN_UNGUARDED_AVAILABILITY = YES_AGGRESSIVE;
				CLANG_WARN_UNREACHABLE_CODE = YES;
				CLANG_WARN__DUPLICATE_METHOD_MATCH = YES;
				COPY_PHASE_STRIP = NO;
				DEBUG_INFORMATION_FORMAT = dwarf;
				ENABLE_STRICT_OBJC_MSGSEND = YES;
				ENABLE_TESTABILITY = YES;
				GCC_C_LANGUAGE_STANDARD = gnu11;
				GCC_DYNAMIC_NO_PIC = NO;
				GCC_NO_COMMON_BLOCKS = YES;
				GCC_OPTIMIZATION_LEVEL = 0;
				GCC_PREPROCESSOR_DEFINITIONS = (
					"DEBUG=1",
					"$(inherited)",
				);
				GCC_WARN_64_TO_32_BIT_CONVERSION = YES;
				GCC_WARN_ABOUT_RETURN_TYPE = YES_ERROR;
				GCC_WARN_UNDECLARED_SELECTOR = YES;
				GCC_WARN_UNINITIALIZED_AUTOS = YES_AGGRESSIVE;
				GCC_WARN_UNUSED_FUNCTION = YES;
				GCC_WARN_UNUSED_VARIABLE = YES;
				IPHONEOS_DEPLOYMENT_TARGET = 14.1;
				MTL_ENABLE_DEBUG_INFO = INCLUDE_SOURCE;
				MTL_FAST_MATH = YES;
				ONLY_ACTIVE_ARCH = YES;
				SDKROOT = iphoneos;
				SWIFT_ACTIVE_COMPILATION_CONDITIONS = DEBUG;
				SWIFT_OPTIMIZATION_LEVEL = "-Onone";
			};
			name = Debug;
		};
		608F2F962593448600636536 /* Release */ = {
			isa = XCBuildConfiguration;
			buildSettings = {
				ALWAYS_SEARCH_USER_PATHS = NO;
				CLANG_ANALYZER_NONNULL = YES;
				CLANG_ANALYZER_NUMBER_OBJECT_CONVERSION = YES_AGGRESSIVE;
				CLANG_CXX_LANGUAGE_STANDARD = "gnu++14";
				CLANG_CXX_LIBRARY = "libc++";
				CLANG_ENABLE_MODULES = YES;
				CLANG_ENABLE_OBJC_ARC = YES;
				CLANG_ENABLE_OBJC_WEAK = YES;
				CLANG_WARN_BLOCK_CAPTURE_AUTORELEASING = YES;
				CLANG_WARN_BOOL_CONVERSION = YES;
				CLANG_WARN_COMMA = YES;
				CLANG_WARN_CONSTANT_CONVERSION = YES;
				CLANG_WARN_DEPRECATED_OBJC_IMPLEMENTATIONS = YES;
				CLANG_WARN_DIRECT_OBJC_ISA_USAGE = YES_ERROR;
				CLANG_WARN_DOCUMENTATION_COMMENTS = YES;
				CLANG_WARN_EMPTY_BODY = YES;
				CLANG_WARN_ENUM_CONVERSION = YES;
				CLANG_WARN_INFINITE_RECURSION = YES;
				CLANG_WARN_INT_CONVERSION = YES;
				CLANG_WARN_NON_LITERAL_NULL_CONVERSION = YES;
				CLANG_WARN_OBJC_IMPLICIT_RETAIN_SELF = YES;
				CLANG_WARN_OBJC_LITERAL_CONVERSION = YES;
				CLANG_WARN_OBJC_ROOT_CLASS = YES_ERROR;
				CLANG_WARN_QUOTED_INCLUDE_IN_FRAMEWORK_HEADER = YES;
				CLANG_WARN_RANGE_LOOP_ANALYSIS = YES;
				CLANG_WARN_STRICT_PROTOTYPES = YES;
				CLANG_WARN_SUSPICIOUS_MOVE = YES;
				CLANG_WARN_UNGUARDED_AVAILABILITY = YES_AGGRESSIVE;
				CLANG_WARN_UNREACHABLE_CODE = YES;
				CLANG_WARN__DUPLICATE_METHOD_MATCH = YES;
				COPY_PHASE_STRIP = NO;
				DEBUG_INFORMATION_FORMAT = "dwarf-with-dsym";
				ENABLE_NS_ASSERTIONS = NO;
				ENABLE_STRICT_OBJC_MSGSEND = YES;
				GCC_C_LANGUAGE_STANDARD = gnu11;
				GCC_NO_COMMON_BLOCKS = YES;
				GCC_WARN_64_TO_32_BIT_CONVERSION = YES;
				GCC_WARN_ABOUT_RETURN_TYPE = YES_ERROR;
				GCC_WARN_UNDECLARED_SELECTOR = YES;
				GCC_WARN_UNINITIALIZED_AUTOS = YES_AGGRESSIVE;
				GCC_WARN_UNUSED_FUNCTION = YES;
				GCC_WARN_UNUSED_VARIABLE = YES;
				IPHONEOS_DEPLOYMENT_TARGET = 14.1;
				MTL_ENABLE_DEBUG_INFO = NO;
				MTL_FAST_MATH = YES;
				SDKROOT = iphoneos;
				SWIFT_COMPILATION_MODE = wholemodule;
				SWIFT_OPTIMIZATION_LEVEL = "-O";
				VALIDATE_PRODUCT = YES;
			};
			name = Release;
		};
		608F2F982593448600636536 /* Debug */ = {
			isa = XCBuildConfiguration;
			buildSettings = {
				ASSETCATALOG_COMPILER_APPICON_NAME = AppIcon;
				ASSETCATALOG_COMPILER_GLOBAL_ACCENT_COLOR_NAME = AccentColor;
				CODE_SIGN_STYLE = Automatic;
				DEVELOPMENT_TEAM = DD73F8592Z;
				INFOPLIST_FILE = UnitTestDemoinSwift/Info.plist;
				LD_RUNPATH_SEARCH_PATHS = (
					"$(inherited)",
					"@executable_path/Frameworks",
				);
				PRODUCT_BUNDLE_IDENTIFIER = knoxpo.UnitTestDemoinSwift;
				PRODUCT_NAME = "$(TARGET_NAME)";
				SWIFT_VERSION = 5.0;
				TARGETED_DEVICE_FAMILY = "1,2";
			};
			name = Debug;
		};
		608F2F992593448600636536 /* Release */ = {
			isa = XCBuildConfiguration;
			buildSettings = {
				ASSETCATALOG_COMPILER_APPICON_NAME = AppIcon;
				ASSETCATALOG_COMPILER_GLOBAL_ACCENT_COLOR_NAME = AccentColor;
				CODE_SIGN_STYLE = Automatic;
				DEVELOPMENT_TEAM = DD73F8592Z;
				INFOPLIST_FILE = UnitTestDemoinSwift/Info.plist;
				LD_RUNPATH_SEARCH_PATHS = (
					"$(inherited)",
					"@executable_path/Frameworks",
				);
				PRODUCT_BUNDLE_IDENTIFIER = knoxpo.UnitTestDemoinSwift;
				PRODUCT_NAME = "$(TARGET_NAME)";
				SWIFT_VERSION = 5.0;
				TARGETED_DEVICE_FAMILY = "1,2";
			};
			name = Release;
		};
		608F2F9B2593448600636536 /* Debug */ = {
			isa = XCBuildConfiguration;
			buildSettings = {
				ALWAYS_EMBED_SWIFT_STANDARD_LIBRARIES = YES;
				BUNDLE_LOADER = "$(TEST_HOST)";
				CODE_SIGN_STYLE = Automatic;
				DEVELOPMENT_TEAM = DD73F8592Z;
				INFOPLIST_FILE = UnitTestDemoinSwiftTests/Info.plist;
				IPHONEOS_DEPLOYMENT_TARGET = 14.1;
				LD_RUNPATH_SEARCH_PATHS = (
					"$(inherited)",
					"@executable_path/Frameworks",
					"@loader_path/Frameworks",
				);
				PRODUCT_BUNDLE_IDENTIFIER = knoxpo.UnitTestDemoinSwiftTests;
				PRODUCT_NAME = "$(TARGET_NAME)";
				SWIFT_VERSION = 5.0;
				TARGETED_DEVICE_FAMILY = "1,2";
				TEST_HOST = "$(BUILT_PRODUCTS_DIR)/UnitTestDemoinSwift.app/UnitTestDemoinSwift";
			};
			name = Debug;
		};
		608F2F9C2593448600636536 /* Release */ = {
			isa = XCBuildConfiguration;
			buildSettings = {
				ALWAYS_EMBED_SWIFT_STANDARD_LIBRARIES = YES;
				BUNDLE_LOADER = "$(TEST_HOST)";
				CODE_SIGN_STYLE = Automatic;
				DEVELOPMENT_TEAM = DD73F8592Z;
				INFOPLIST_FILE = UnitTestDemoinSwiftTests/Info.plist;
				IPHONEOS_DEPLOYMENT_TARGET = 14.1;
				LD_RUNPATH_SEARCH_PATHS = (
					"$(inherited)",
					"@executable_path/Frameworks",
					"@loader_path/Frameworks",
				);
				PRODUCT_BUNDLE_IDENTIFIER = knoxpo.UnitTestDemoinSwiftTests;
				PRODUCT_NAME = "$(TARGET_NAME)";
				SWIFT_VERSION = 5.0;
				TARGETED_DEVICE_FAMILY = "1,2";
				TEST_HOST = "$(BUILT_PRODUCTS_DIR)/UnitTestDemoinSwift.app/UnitTestDemoinSwift";
			};
			name = Release;
		};
		608F2F9E2593448600636536 /* Debug */ = {
			isa = XCBuildConfiguration;
			buildSettings = {
				ALWAYS_EMBED_SWIFT_STANDARD_LIBRARIES = YES;
				CODE_SIGN_STYLE = Automatic;
				DEVELOPMENT_TEAM = DD73F8592Z;
				INFOPLIST_FILE = UnitTestDemoinSwiftUITests/Info.plist;
				LD_RUNPATH_SEARCH_PATHS = (
					"$(inherited)",
					"@executable_path/Frameworks",
					"@loader_path/Frameworks",
				);
				PRODUCT_BUNDLE_IDENTIFIER = knoxpo.UnitTestDemoinSwiftUITests;
				PRODUCT_NAME = "$(TARGET_NAME)";
				SWIFT_VERSION = 5.0;
				TARGETED_DEVICE_FAMILY = "1,2";
				TEST_TARGET_NAME = UnitTestDemoinSwift;
			};
			name = Debug;
		};
		608F2F9F2593448600636536 /* Release */ = {
			isa = XCBuildConfiguration;
			buildSettings = {
				ALWAYS_EMBED_SWIFT_STANDARD_LIBRARIES = YES;
				CODE_SIGN_STYLE = Automatic;
				DEVELOPMENT_TEAM = DD73F8592Z;
				INFOPLIST_FILE = UnitTestDemoinSwiftUITests/Info.plist;
				LD_RUNPATH_SEARCH_PATHS = (
					"$(inherited)",
					"@executable_path/Frameworks",
					"@loader_path/Frameworks",
				);
				PRODUCT_BUNDLE_IDENTIFIER = knoxpo.UnitTestDemoinSwiftUITests;
				PRODUCT_NAME = "$(TARGET_NAME)";
				SWIFT_VERSION = 5.0;
				TARGETED_DEVICE_FAMILY = "1,2";
				TEST_TARGET_NAME = UnitTestDemoinSwift;
			};
			name = Release;
		};
/* End XCBuildConfiguration section */

/* Begin XCConfigurationList section */
		608F2F682593448500636536 /* Build configuration list for PBXProject "UnitTestDemoinSwift" */ = {
			isa = XCConfigurationList;
			buildConfigurations = (
				608F2F952593448600636536 /* Debug */,
				608F2F962593448600636536 /* Release */,
			);
			defaultConfigurationIsVisible = 0;
			defaultConfigurationName = Release;
		};
		608F2F972593448600636536 /* Build configuration list for PBXNativeTarget "UnitTestDemoinSwift" */ = {
			isa = XCConfigurationList;
			buildConfigurations = (
				608F2F982593448600636536 /* Debug */,
				608F2F992593448600636536 /* Release */,
			);
			defaultConfigurationIsVisible = 0;
			defaultConfigurationName = Release;
		};
		608F2F9A2593448600636536 /* Build configuration list for PBXNativeTarget "UnitTestDemoinSwiftTests" */ = {
			isa = XCConfigurationList;
			buildConfigurations = (
				608F2F9B2593448600636536 /* Debug */,
				608F2F9C2593448600636536 /* Release */,
			);
			defaultConfigurationIsVisible = 0;
			defaultConfigurationName = Release;
		};
		608F2F9D2593448600636536 /* Build configuration list for PBXNativeTarget "UnitTestDemoinSwiftUITests" */ = {
			isa = XCConfigurationList;
			buildConfigurations = (
				608F2F9E2593448600636536 /* Debug */,
				608F2F9F2593448600636536 /* Release */,
			);
			defaultConfigurationIsVisible = 0;
			defaultConfigurationName = Release;
		};
/* End XCConfigurationList section */
	};
	rootObject = 608F2F652593448500636536 /* Project object */;
}
